{
  "name": "scafkit-cli",
  "version": "1.0.10",
  "lockfileVersion": 3,
  "requires": true,
  "packages": {
    "": {
      "name": "scafkit-cli",
      "version": "1.0.10",
      "license": "MIT",
      "bin": {
        "scafkit": "bin/scafkit.js"
      },
      "engines": {
        "node": ">=20.19"
      }
    }
  }
}
